
Microsoft Visual Studio Solution File, Format Version 12.00
# Visual Studio 15
VisualStudioVersion = 15.0.28307.421
MinimumVisualStudioVersion = 10.0.40219.1
Project("{FAE04EC0-301F-11D3-BF4B-00C04F79EFBC}") = "Lab5_Montenegro", "Lab5_Montenegro\Lab5_Montenegro.csproj", "{BE568239-EADF-4FEF-984C-BFE003BB2CEC}"
EndProject
Project("{FAE04EC0-301F-11D3-BF4B-00C04F79EFBC}") = "Lab5_Consola", "Lab5_Consola\Lab5_Consola.csproj", "{231413BE-5946-4879-B141-B7E64BA2D1FF}"
EndProject
Global
	GlobalSection(SolutionConfigurationPlatforms) = preSolution
		Debug|Any CPU = Debug|Any CPU
		Release|Any CPU = Release|Any CPU
	EndGlobalSection
	GlobalSection(ProjectConfigurationPlatforms) = postSolution
		{BE568239-EADF-4FEF-984C-BFE003BB2CEC}.Debug|Any CPU.ActiveCfg = Debug|Any CPU
		{BE568239-EADF-4FEF-984C-BFE003BB2CEC}.Debug|Any CPU.Build.0 = Debug|Any CPU
		{BE568239-EADF-4FEF-984C-BFE003BB2CEC}.Release|Any CPU.ActiveCfg = Release|Any CPU
		{BE568239-EADF-4FEF-984C-BFE003BB2CEC}.Release|Any CPU.Build.0 = Release|Any CPU
		{231413BE-5946-4879-B141-B7E64BA2D1FF}.Debug|Any CPU.ActiveCfg = Debug|Any CPU
		{231413BE-5946-4879-B141-B7E64BA2D1FF}.Debug|Any CPU.Build.0 = Debug|Any CPU
		{231413BE-5946-4879-B141-B7E64BA2D1FF}.Release|Any CPU.ActiveCfg = Release|Any CPU
		{231413BE-5946-4879-B141-B7E64BA2D1FF}.Release|Any CPU.Build.0 = Release|Any CPU
	EndGlobalSection
	GlobalSection(SolutionProperties) = preSolution
		HideSolutionNode = FALSE
	EndGlobalSection
	GlobalSection(ExtensibilityGlobals) = postSolution
		SolutionGuid = {E4AA8794-4141-41AF-863A-FA8D6BBC18AE}
	EndGlobalSection
EndGlobal
